
Microsoft Visual Studio Solution File, Format Version 12.00
# Visual Studio 15
VisualStudioVersion = 15.0.26430.15
MinimumVisualStudioVersion = 10.0.40219.1
Project("{FAE04EC0-301F-11D3-BF4B-00C04F79EFBC}") = "SqlSaturdayToDo.Backend", "SqlSaturdayToDo.Backend\SqlSaturdayToDo.Backend.csproj", "{C3E7C5DC-5DA9-429E-AE13-0BC1349BEB1B}"
EndProject
Project("{FAE04EC0-301F-11D3-BF4B-00C04F79EFBC}") = "SqlSaturdayToDo.Mobile.Android", "SqlSaturdayToDo.Mobile\SqlSaturdayToDo.Mobile.Android\SqlSaturdayToDo.Mobile.Android.csproj", "{8EF52F36-174E-45A9-BBD0-DC1C5E84077A}"
EndProject
Project("{FAE04EC0-301F-11D3-BF4B-00C04F79EFBC}") = "SqlSaturdayToDo.Mobile", "SqlSaturdayToDo.Mobile\SqlSaturdayToDo.Mobile\SqlSaturdayToDo.Mobile.csproj", "{11AB7585-E19D-4EF2-A097-C590075E285C}"
EndProject
Project("{FAE04EC0-301F-11D3-BF4B-00C04F79EFBC}") = "SqlSaturdayToDo.Mobile.iOS", "SqlSaturdayToDo.Mobile\SqlSaturdayToDo.Mobile.iOS\SqlSaturdayToDo.Mobile.iOS.csproj", "{F067E39F-2FA7-4CBE-897D-967589975AB3}"
EndProject
Global
	GlobalSection(SolutionConfigurationPlatforms) = preSolution
		Ad-Hoc|Any CPU = Ad-Hoc|Any CPU
		Ad-Hoc|iPhone = Ad-Hoc|iPhone
		Ad-Hoc|iPhoneSimulator = Ad-Hoc|iPhoneSimulator
		AppStore|Any CPU = AppStore|Any CPU
		AppStore|iPhone = AppStore|iPhone
		AppStore|iPhoneSimulator = AppStore|iPhoneSimulator
		Debug|Any CPU = Debug|Any CPU
		Debug|iPhone = Debug|iPhone
		Debug|iPhoneSimulator = Debug|iPhoneSimulator
		Release|Any CPU = Release|Any CPU
		Release|iPhone = Release|iPhone
		Release|iPhoneSimulator = Release|iPhoneSimulator
	EndGlobalSection
	GlobalSection(ProjectConfigurationPlatforms) = postSolution
		{C3E7C5DC-5DA9-429E-AE13-0BC1349BEB1B}.Ad-Hoc|Any CPU.ActiveCfg = Release|Any CPU
		{C3E7C5DC-5DA9-429E-AE13-0BC1349BEB1B}.Ad-Hoc|Any CPU.Build.0 = Release|Any CPU
		{C3E7C5DC-5DA9-429E-AE13-0BC1349BEB1B}.Ad-Hoc|iPhone.ActiveCfg = Release|Any CPU
		{C3E7C5DC-5DA9-429E-AE13-0BC1349BEB1B}.Ad-Hoc|iPhone.Build.0 = Release|Any CPU
		{C3E7C5DC-5DA9-429E-AE13-0BC1349BEB1B}.Ad-Hoc|iPhoneSimulator.ActiveCfg = Release|Any CPU
		{C3E7C5DC-5DA9-429E-AE13-0BC1349BEB1B}.Ad-Hoc|iPhoneSimulator.Build.0 = Release|Any CPU
		{C3E7C5DC-5DA9-429E-AE13-0BC1349BEB1B}.AppStore|Any CPU.ActiveCfg = Release|Any CPU
		{C3E7C5DC-5DA9-429E-AE13-0BC1349BEB1B}.AppStore|Any CPU.Build.0 = Release|Any CPU
		{C3E7C5DC-5DA9-429E-AE13-0BC1349BEB1B}.AppStore|iPhone.ActiveCfg = Release|Any CPU
		{C3E7C5DC-5DA9-429E-AE13-0BC1349BEB1B}.AppStore|iPhone.Build.0 = Release|Any CPU
		{C3E7C5DC-5DA9-429E-AE13-0BC1349BEB1B}.AppStore|iPhoneSimulator.ActiveCfg = Release|Any CPU
		{C3E7C5DC-5DA9-429E-AE13-0BC1349BEB1B}.AppStore|iPhoneSimulator.Build.0 = Release|Any CPU
		{C3E7C5DC-5DA9-429E-AE13-0BC1349BEB1B}.Debug|Any CPU.ActiveCfg = Debug|Any CPU
		{C3E7C5DC-5DA9-429E-AE13-0BC1349BEB1B}.Debug|Any CPU.Build.0 = Debug|Any CPU
		{C3E7C5DC-5DA9-429E-AE13-0BC1349BEB1B}.Debug|iPhone.ActiveCfg = Debug|Any CPU
		{C3E7C5DC-5DA9-429E-AE13-0BC1349BEB1B}.Debug|iPhone.Build.0 = Debug|Any CPU
		{C3E7C5DC-5DA9-429E-AE13-0BC1349BEB1B}.Debug|iPhoneSimulator.ActiveCfg = Debug|Any CPU
		{C3E7C5DC-5DA9-429E-AE13-0BC1349BEB1B}.Debug|iPhoneSimulator.Build.0 = Debug|Any CPU
		{C3E7C5DC-5DA9-429E-AE13-0BC1349BEB1B}.Release|Any CPU.ActiveCfg = Release|Any CPU
		{C3E7C5DC-5DA9-429E-AE13-0BC1349BEB1B}.Release|Any CPU.Build.0 = Release|Any CPU
		{C3E7C5DC-5DA9-429E-AE13-0BC1349BEB1B}.Release|iPhone.ActiveCfg = Release|Any CPU
		{C3E7C5DC-5DA9-429E-AE13-0BC1349BEB1B}.Release|iPhone.Build.0 = Release|Any CPU
		{C3E7C5DC-5DA9-429E-AE13-0BC1349BEB1B}.Release|iPhoneSimulator.ActiveCfg = Release|Any CPU
		{C3E7C5DC-5DA9-429E-AE13-0BC1349BEB1B}.Release|iPhoneSimulator.Build.0 = Release|Any CPU
		{8EF52F36-174E-45A9-BBD0-DC1C5E84077A}.Ad-Hoc|Any CPU.ActiveCfg = Release|Any CPU
		{8EF52F36-174E-45A9-BBD0-DC1C5E84077A}.Ad-Hoc|Any CPU.Build.0 = Release|Any CPU
		{8EF52F36-174E-45A9-BBD0-DC1C5E84077A}.Ad-Hoc|Any CPU.Deploy.0 = Release|Any CPU
		{8EF52F36-174E-45A9-BBD0-DC1C5E84077A}.Ad-Hoc|iPhone.ActiveCfg = Release|Any CPU
		{8EF52F36-174E-45A9-BBD0-DC1C5E84077A}.Ad-Hoc|iPhone.Build.0 = Release|Any CPU
		{8EF52F36-174E-45A9-BBD0-DC1C5E84077A}.Ad-Hoc|iPhone.Deploy.0 = Release|Any CPU
		{8EF52F36-174E-45A9-BBD0-DC1C5E84077A}.Ad-Hoc|iPhoneSimulator.ActiveCfg = Release|Any CPU
		{8EF52F36-174E-45A9-BBD0-DC1C5E84077A}.Ad-Hoc|iPhoneSimulator.Build.0 = Release|Any CPU
		{8EF52F36-174E-45A9-BBD0-DC1C5E84077A}.Ad-Hoc|iPhoneSimulator.Deploy.0 = Release|Any CPU
		{8EF52F36-174E-45A9-BBD0-DC1C5E84077A}.AppStore|Any CPU.ActiveCfg = Release|Any CPU
		{8EF52F36-174E-45A9-BBD0-DC1C5E84077A}.AppStore|Any CPU.Build.0 = Release|Any CPU
		{8EF52F36-174E-45A9-BBD0-DC1C5E84077A}.AppStore|Any CPU.Deploy.0 = Release|Any CPU
		{8EF52F36-174E-45A9-BBD0-DC1C5E84077A}.AppStore|iPhone.ActiveCfg = Release|Any CPU
		{8EF52F36-174E-45A9-BBD0-DC1C5E84077A}.AppStore|iPhone.Build.0 = Release|Any CPU
		{8EF52F36-174E-45A9-BBD0-DC1C5E84077A}.AppStore|iPhone.Deploy.0 = Release|Any CPU
		{8EF52F36-174E-45A9-BBD0-DC1C5E84077A}.AppStore|iPhoneSimulator.ActiveCfg = Release|Any CPU
		{8EF52F36-174E-45A9-BBD0-DC1C5E84077A}.AppStore|iPhoneSimulator.Build.0 = Release|Any CPU
		{8EF52F36-174E-45A9-BBD0-DC1C5E84077A}.AppStore|iPhoneSimulator.Deploy.0 = Release|Any CPU
		{8EF52F36-174E-45A9-BBD0-DC1C5E84077A}.Debug|Any CPU.ActiveCfg = Debug|Any CPU
		{8EF52F36-174E-45A9-BBD0-DC1C5E84077A}.Debug|Any CPU.Build.0 = Debug|Any CPU
		{8EF52F36-174E-45A9-BBD0-DC1C5E84077A}.Debug|Any CPU.Deploy.0 = Debug|Any CPU
		{8EF52F36-174E-45A9-BBD0-DC1C5E84077A}.Debug|iPhone.ActiveCfg = Debug|Any CPU
		{8EF52F36-174E-45A9-BBD0-DC1C5E84077A}.Debug|iPhone.Build.0 = Debug|Any CPU
		{8EF52F36-174E-45A9-BBD0-DC1C5E84077A}.Debug|iPhone.Deploy.0 = Debug|Any CPU
		{8EF52F36-174E-45A9-BBD0-DC1C5E84077A}.Debug|iPhoneSimulator.ActiveCfg = Debug|Any CPU
		{8EF52F36-174E-45A9-BBD0-DC1C5E84077A}.Debug|iPhoneSimulator.Build.0 = Debug|Any CPU
		{8EF52F36-174E-45A9-BBD0-DC1C5E84077A}.Debug|iPhoneSimulator.Deploy.0 = Debug|Any CPU
		{8EF52F36-174E-45A9-BBD0-DC1C5E84077A}.Release|Any CPU.ActiveCfg = Release|Any CPU
		{8EF52F36-174E-45A9-BBD0-DC1C5E84077A}.Release|Any CPU.Build.0 = Release|Any CPU
		{8EF52F36-174E-45A9-BBD0-DC1C5E84077A}.Release|Any CPU.Deploy.0 = Release|Any CPU
		{8EF52F36-174E-45A9-BBD0-DC1C5E84077A}.Release|iPhone.ActiveCfg = Release|Any CPU
		{8EF52F36-174E-45A9-BBD0-DC1C5E84077A}.Release|iPhone.Build.0 = Release|Any CPU
		{8EF52F36-174E-45A9-BBD0-DC1C5E84077A}.Release|iPhone.Deploy.0 = Release|Any CPU
		{8EF52F36-174E-45A9-BBD0-DC1C5E84077A}.Release|iPhoneSimulator.ActiveCfg = Release|Any CPU
		{8EF52F36-174E-45A9-BBD0-DC1C5E84077A}.Release|iPhoneSimulator.Build.0 = Release|Any CPU
		{8EF52F36-174E-45A9-BBD0-DC1C5E84077A}.Release|iPhoneSimulator.Deploy.0 = Release|Any CPU
		{11AB7585-E19D-4EF2-A097-C590075E285C}.Ad-Hoc|Any CPU.ActiveCfg = Release|Any CPU
		{11AB7585-E19D-4EF2-A097-C590075E285C}.Ad-Hoc|Any CPU.Build.0 = Release|Any CPU
		{11AB7585-E19D-4EF2-A097-C590075E285C}.Ad-Hoc|iPhone.ActiveCfg = Release|Any CPU
		{11AB7585-E19D-4EF2-A097-C590075E285C}.Ad-Hoc|iPhone.Build.0 = Release|Any CPU
		{11AB7585-E19D-4EF2-A097-C590075E285C}.Ad-Hoc|iPhoneSimulator.ActiveCfg = Release|Any CPU
		{11AB7585-E19D-4EF2-A097-C590075E285C}.Ad-Hoc|iPhoneSimulator.Build.0 = Release|Any CPU
		{11AB7585-E19D-4EF2-A097-C590075E285C}.AppStore|Any CPU.ActiveCfg = Release|Any CPU
		{11AB7585-E19D-4EF2-A097-C590075E285C}.AppStore|Any CPU.Build.0 = Release|Any CPU
		{11AB7585-E19D-4EF2-A097-C590075E285C}.AppStore|iPhone.ActiveCfg = Release|Any CPU
		{11AB7585-E19D-4EF2-A097-C590075E285C}.AppStore|iPhone.Build.0 = Release|Any CPU
		{11AB7585-E19D-4EF2-A097-C590075E285C}.AppStore|iPhoneSimulator.ActiveCfg = Release|Any CPU
		{11AB7585-E19D-4EF2-A097-C590075E285C}.AppStore|iPhoneSimulator.Build.0 = Release|Any CPU
		{11AB7585-E19D-4EF2-A097-C590075E285C}.Debug|Any CPU.ActiveCfg = Debug|Any CPU
		{11AB7585-E19D-4EF2-A097-C590075E285C}.Debug|Any CPU.Build.0 = Debug|Any CPU
		{11AB7585-E19D-4EF2-A097-C590075E285C}.Debug|iPhone.ActiveCfg = Debug|Any CPU
		{11AB7585-E19D-4EF2-A097-C590075E285C}.Debug|iPhone.Build.0 = Debug|Any CPU
		{11AB7585-E19D-4EF2-A097-C590075E285C}.Debug|iPhoneSimulator.ActiveCfg = Debug|Any CPU
		{11AB7585-E19D-4EF2-A097-C590075E285C}.Debug|iPhoneSimulator.Build.0 = Debug|Any CPU
		{11AB7585-E19D-4EF2-A097-C590075E285C}.Release|Any CPU.ActiveCfg = Release|Any CPU
		{11AB7585-E19D-4EF2-A097-C590075E285C}.Release|Any CPU.Build.0 = Release|Any CPU
		{11AB7585-E19D-4EF2-A097-C590075E285C}.Release|iPhone.ActiveCfg = Release|Any CPU
		{11AB7585-E19D-4EF2-A097-C590075E285C}.Release|iPhone.Build.0 = Release|Any CPU
		{11AB7585-E19D-4EF2-A097-C590075E285C}.Release|iPhoneSimulator.ActiveCfg = Release|Any CPU
		{11AB7585-E19D-4EF2-A097-C590075E285C}.Release|iPhoneSimulator.Build.0 = Release|Any CPU
		{F067E39F-2FA7-4CBE-897D-967589975AB3}.Ad-Hoc|Any CPU.ActiveCfg = Ad-Hoc|iPhone
		{F067E39F-2FA7-4CBE-897D-967589975AB3}.Ad-Hoc|iPhone.ActiveCfg = Ad-Hoc|iPhone
		{F067E39F-2FA7-4CBE-897D-967589975AB3}.Ad-Hoc|iPhone.Build.0 = Ad-Hoc|iPhone
		{F067E39F-2FA7-4CBE-897D-967589975AB3}.Ad-Hoc|iPhoneSimulator.ActiveCfg = Ad-Hoc|iPhoneSimulator
		{F067E39F-2FA7-4CBE-897D-967589975AB3}.Ad-Hoc|iPhoneSimulator.Build.0 = Ad-Hoc|iPhoneSimulator
		{F067E39F-2FA7-4CBE-897D-967589975AB3}.AppStore|Any CPU.ActiveCfg = AppStore|iPhone
		{F067E39F-2FA7-4CBE-897D-967589975AB3}.AppStore|iPhone.ActiveCfg = AppStore|iPhone
		{F067E39F-2FA7-4CBE-897D-967589975AB3}.AppStore|iPhone.Build.0 = AppStore|iPhone
		{F067E39F-2FA7-4CBE-897D-967589975AB3}.AppStore|iPhoneSimulator.ActiveCfg = AppStore|iPhoneSimulator
		{F067E39F-2FA7-4CBE-897D-967589975AB3}.AppStore|iPhoneSimulator.Build.0 = AppStore|iPhoneSimulator
		{F067E39F-2FA7-4CBE-897D-967589975AB3}.Debug|Any CPU.ActiveCfg = Debug|iPhone
		{F067E39F-2FA7-4CBE-897D-967589975AB3}.Debug|iPhone.ActiveCfg = Debug|iPhone
		{F067E39F-2FA7-4CBE-897D-967589975AB3}.Debug|iPhone.Build.0 = Debug|iPhone
		{F067E39F-2FA7-4CBE-897D-967589975AB3}.Debug|iPhoneSimulator.ActiveCfg = Debug|iPhoneSimulator
		{F067E39F-2FA7-4CBE-897D-967589975AB3}.Debug|iPhoneSimulator.Build.0 = Debug|iPhoneSimulator
		{F067E39F-2FA7-4CBE-897D-967589975AB3}.Release|Any CPU.ActiveCfg = Release|iPhone
		{F067E39F-2FA7-4CBE-897D-967589975AB3}.Release|iPhone.ActiveCfg = Release|iPhone
		{F067E39F-2FA7-4CBE-897D-967589975AB3}.Release|iPhone.Build.0 = Release|iPhone
		{F067E39F-2FA7-4CBE-897D-967589975AB3}.Release|iPhoneSimulator.ActiveCfg = Release|iPhoneSimulator
		{F067E39F-2FA7-4CBE-897D-967589975AB3}.Release|iPhoneSimulator.Build.0 = Release|iPhoneSimulator
	EndGlobalSection
	GlobalSection(SolutionProperties) = preSolution
		HideSolutionNode = FALSE
	EndGlobalSection
EndGlobal
